
Microsoft Visual Studio Solution File, Format Version 12.00
# Visual Studio Version 17
VisualStudioVersion = 17.3.32825.248
MinimumVisualStudioVersion = 10.0.40219.1
Project("{FAE04EC0-301F-11D3-BF4B-00C04F79EFBC}") = "ConsoleApp1", "ConsoleApp1.csproj", "{9FE9EEC5-8132-44B0-91E2-F3324D30773C}"
EndProject
Global
	GlobalSection(SolutionConfigurationPlatforms) = preSolution
		Debug|Any CPU = Debug|Any CPU
		Release|Any CPU = Release|Any CPU
	EndGlobalSection
	GlobalSection(ProjectConfigurationPlatforms) = postSolution
		{9FE9EEC5-8132-44B0-91E2-F3324D30773C}.Debug|Any CPU.ActiveCfg = Debug|Any CPU
		{9FE9EEC5-8132-44B0-91E2-F3324D30773C}.Debug|Any CPU.Build.0 = Debug|Any CPU
		{9FE9EEC5-8132-44B0-91E2-F3324D30773C}.Release|Any CPU.ActiveCfg = Release|Any CPU
		{9FE9EEC5-8132-44B0-91E2-F3324D30773C}.Release|Any CPU.Build.0 = Release|Any CPU
	EndGlobalSection
	GlobalSection(SolutionProperties) = preSolution
		HideSolutionNode = FALSE
	EndGlobalSection
	GlobalSection(ExtensibilityGlobals) = postSolution
		SolutionGuid = {3393FF28-5AD9-4EAF-BE5C-9B9ADFCCE821}
	EndGlobalSection
EndGlobal
